
Microsoft Visual Studio Solution File, Format Version 12.00
# Visual Studio Version 16
VisualStudioVersion = 16.0.31702.278
MinimumVisualStudioVersion = 10.0.40219.1
Project("{FAE04EC0-301F-11D3-BF4B-00C04F79EFBC}") = "Estaciones", "Estaciones\Estaciones.csproj", "{A47B8596-A109-434F-97EF-4AF71FB1B9CD}"
EndProject
Global
	GlobalSection(SolutionConfigurationPlatforms) = preSolution
		Debug|Any CPU = Debug|Any CPU
		Release|Any CPU = Release|Any CPU
	EndGlobalSection
	GlobalSection(ProjectConfigurationPlatforms) = postSolution
		{A47B8596-A109-434F-97EF-4AF71FB1B9CD}.Debug|Any CPU.ActiveCfg = Debug|Any CPU
		{A47B8596-A109-434F-97EF-4AF71FB1B9CD}.Debug|Any CPU.Build.0 = Debug|Any CPU
		{A47B8596-A109-434F-97EF-4AF71FB1B9CD}.Release|Any CPU.ActiveCfg = Release|Any CPU
		{A47B8596-A109-434F-97EF-4AF71FB1B9CD}.Release|Any CPU.Build.0 = Release|Any CPU
	EndGlobalSection
	GlobalSection(SolutionProperties) = preSolution
		HideSolutionNode = FALSE
	EndGlobalSection
	GlobalSection(ExtensibilityGlobals) = postSolution
		SolutionGuid = {D9DF9A0F-85BB-4388-83FE-304CB23FC1A6}
	EndGlobalSection
EndGlobal
